spec: aja-kumo
command: get_destination_lock
input:
  destination: 4
expect_request:
  method: GET
  target: /config?action=get&paramid=eParamID_XPT_Destination4_Locked
http_reply:
  status: 200
  body: '{"paramid":"1","name":"eParamID_XPT_Destination4_Locked","value":"1","value_name":"1"}'
expect_result:
  ok:
    kind: value
    value: '1'
