spec: blackmagic-teranex
telemetry: genlock
inbound: 'GENLOCK:

  Gen reference: Blackburst

  Line offset: 1

  Pixel offset: 0

  Signal locked: true

  Type: External


  '
expect_state:
  genlock:
    reference: Blackburst
    line_offset: 1
    pixel_offset: 0
    signal_locked: true
    type: External
